
Microsoft Visual Studio Solution File, Format Version 12.00
# Visual Studio Version 16
VisualStudioVersion = 16.0.31424.327
MinimumVisualStudioVersion = 10.0.40219.1
Project("{8BC9CEB8-8B4A-11D0-8D11-00A0C91BC942}") = "Project2", "Project2.vcxproj", "{8011DB9F-85D8-4368-ABFC-E51DE5C73AD2}"
EndProject
Global
	GlobalSection(SolutionConfigurationPlatforms) = preSolution
		Debug|x64 = Debug|x64
		Debug|x86 = Debug|x86
		Release|x64 = Release|x64
		Release|x86 = Release|x86
	EndGlobalSection
	GlobalSection(ProjectConfigurationPlatforms) = postSolution
		{8011DB9F-85D8-4368-ABFC-E51DE5C73AD2}.Debug|x64.ActiveCfg = Debug|x64
		{8011DB9F-85D8-4368-ABFC-E51DE5C73AD2}.Debug|x64.Build.0 = Debug|x64
		{8011DB9F-85D8-4368-ABFC-E51DE5C73AD2}.Debug|x86.ActiveCfg = Debug|Win32
		{8011DB9F-85D8-4368-ABFC-E51DE5C73AD2}.Debug|x86.Build.0 = Debug|Win32
		{8011DB9F-85D8-4368-ABFC-E51DE5C73AD2}.Release|x64.ActiveCfg = Release|x64
		{8011DB9F-85D8-4368-ABFC-E51DE5C73AD2}.Release|x64.Build.0 = Release|x64
		{8011DB9F-85D8-4368-ABFC-E51DE5C73AD2}.Release|x86.ActiveCfg = Release|Win32
		{8011DB9F-85D8-4368-ABFC-E51DE5C73AD2}.Release|x86.Build.0 = Release|Win32
	EndGlobalSection
	GlobalSection(SolutionProperties) = preSolution
		HideSolutionNode = FALSE
	EndGlobalSection
	GlobalSection(ExtensibilityGlobals) = postSolution
		SolutionGuid = {F5E196B9-204E-48D3-9C4A-286A7D5F69E3}
	EndGlobalSection
EndGlobal
